// !$*UTF8*$!
{
	archiveVersion = 1;
	classes = {
	};
	objectVersion = 46;
	objects = {

/* Begin PBXBuildFile section */
		8E0D374417FDF88E008122EC /* Foundation.framework in Frameworks */ = {isa = PBXBuildFile; fileRef = 8E0D374317FDF88E008122EC /* Foundation.framework */; };
		8E0D374617FDF88E008122EC /* CoreGraphics.framework in Frameworks */ = {isa = PBXBuildFile; fileRef = 8E0D374517FDF88E008122EC /* CoreGraphics.framework */; };
		8E0D374817FDF88E008122EC /* UIKit.framework in Frameworks */ = {isa = PBXBuildFile; fileRef = 8E0D374717FDF88E008122EC /* UIKit.framework */; };
		8E0D374E17FDF88F008122EC /* InfoPlist.strings in Resources */ = {isa = PBXBuildFile; fileRef = 8E0D374C17FDF88F008122EC /* InfoPlist.strings */; };
		8E0D375017FDF88F008122EC /* main.m in Sources */ = {isa = PBXBuildFile; fileRef = 8E0D374F17FDF88F008122EC /* main.m */; };
		8E0D375417FDF88F008122EC /* AppDelegate.m in Sources */ = {isa = PBXBuildFile; fileRef = 8E0D375317FDF88F008122EC /* AppDelegate.m */; };
		8E0D375717FDF88F008122EC /* Main.storyboard in Resources */ = {isa = PBXBuildFile; fileRef = 8E0D375517FDF88F008122EC /* Main.storyboard */; };
		8E0D375A17FDF88F008122EC /* ViewController.m in Sources */ = {isa = PBXBuildFile; fileRef = 8E0D375917FDF88F008122EC /* ViewController.m */; };
		8E0D375C17FDF88F008122EC /* Images.xcassets in Resources */ = {isa = PBXBuildFile; fileRef = 8E0D375B17FDF88F008122EC /* Images.xcassets */; };
		8E0D376317FDF88F008122EC /* XCTest.framework in Frameworks */ = {isa = PBXBuildFile; fileRef = 8E0D376217FDF88F008122EC /* XCTest.framework */; };
		8E0D376417FDF88F008122EC /* Foundation.framework in Frameworks */ = {isa = PBXBuildFile; fileRef = 8E0D374317FDF88E008122EC /* Foundation.framework */; };
		8E0D376517FDF88F008122EC /* UIKit.framework in Frameworks */ = {isa = PBXBuildFile; fileRef = 8E0D374717FDF88E008122EC /* UIKit.framework */; };
		8E0D376D17FDF88F008122EC /* InfoPlist.strings in Resources */ = {isa = PBXBuildFile; fileRef = 8E0D376B17FDF88F008122EC /* InfoPlist.strings */; };
		8E0D376F17FDF88F008122EC /* WikipediaChuckNorrisTests.m in Sources */ = {isa = PBXBuildFile; fileRef = 8E0D376E17FDF88F008122EC /* WikipediaChuckNorrisTests.m */; };
/* End PBXBuildFile section */

/* Begin PBXContainerItemProxy section */
		8E0D376617FDF88F008122EC /* PBXContainerItemProxy */ = {
			isa = PBXContainerItemProxy;
			containerPortal = 8E0D373817FDF88E008122EC /* Project object */;
			proxyType = 1;
			remoteGlobalIDString = 8E0D373F17FDF88E008122EC;
			remoteInfo = WikipediaChuckNorris;
		};
/* End PBXContainerItemProxy section */

/* Begin PBXFileReference section */
		8E0D374017FDF88E008122EC /* WikipediaChuckNorris.app */ = {isa = PBXFileReference; explicitFileType = wrapper.application; includeInIndex = 0; path = WikipediaChuckNorris.app; sourceTree = BUILT_PRODUCTS_DIR; };
		8E0D374317FDF88E008122EC /* Foundation.framework */ = {isa = PBXFileReference; lastKnownFileType = wrapper.framework; name = Foundation.framework; path = System/Library/Frameworks/Foundation.framework; sourceTree = SDKROOT; };
		8E0D374517FDF88E008122EC /* CoreGraphics.framework */ = {isa = PBXFileReference; lastKnownFileType = wrapper.framework; name = CoreGraphics.framework; path = System/Library/Frameworks/CoreGraphics.framework; sourceTree = SDKROOT; };
		8E0D374717FDF88E008122EC /* UIKit.framework */ = {isa = PBXFileReference; lastKnownFileType = wrapper.framework; name = UIKit.framework; path = System/Library/Frameworks/UIKit.framework; sourceTree = SDKROOT; };
		8E0D374B17FDF88F008122EC /* WikipediaChuckNorris-Info.plist */ = {isa = PBXFileReference; lastKnownFileType = text.plist.xml; path = "WikipediaChuckNorris-Info.plist"; sourceTree = "<group>"; };
		8E0D374D17FDF88F008122EC /* en */ = {isa = PBXFileReference; lastKnownFileType = text.plist.strings; name = en; path = en.lproj/InfoPlist.strings; sourceTree = "<group>"; };
		8E0D374F17FDF88F008122EC /* main.m */ = {isa = PBXFileReference; lastKnownFileType = sourcecode.c.objc; path = main.m; sourceTree = "<group>"; };
		8E0D375117FDF88F008122EC /* WikipediaChuckNorris-Prefix.pch */ = {isa = PBXFileReference; lastKnownFileType = sourcecode.c.h; path = "WikipediaChuckNorris-Prefix.pch"; sourceTree = "<group>"; };
		8E0D375217FDF88F008122EC /* AppDelegate.h */ = {isa = PBXFileReference; lastKnownFileType = sourcecode.c.h; path = AppDelegate.h; sourceTree = "<group>"; };
		8E0D375317FDF88F008122EC /* AppDelegate.m */ = {isa = PBXFileReference; lastKnownFileType = sourcecode.c.objc; path = AppDelegate.m; sourceTree = "<group>"; };
		8E0D375617FDF88F008122EC /* Base */ = {isa = PBXFileReference; lastKnownFileType = file.storyboard; name = Base; path = Base.lproj/Main.storyboard; sourceTree = "<group>"; };
		8E0D375817FDF88F008122EC /* ViewController.h */ = {isa = PBXFileReference; lastKnownFileType = sourcecode.c.h; path = ViewController.h; sourceTree = "<group>"; };
		8E0D375917FDF88F008122EC /* ViewController.m */ = {isa = PBXFileReference; lastKnownFileType = sourcecode.c.objc; path = ViewController.m; sourceTree = "<group>"; };
		8E0D375B17FDF88F008122EC /* Images.xcassets */ = {isa = PBXFileReference; lastKnownFileType = folder.assetcatalog; path = Images.xcassets; sourceTree = "<group>"; };
		8E0D376117FDF88F008122EC /* WikipediaChuckNorrisTests.xctest */ = {isa = PBXFileReference; explicitFileType = wrapper.cfbundle; includeInIndex = 0; path = WikipediaChuckNorrisTests.xctest; sourceTree = BUILT_PRODUCTS_DIR; };
		8E0D376217FDF88F008122EC /* XCTest.framework */ = {isa = PBXFileReference; lastKnownFileType = wrapper.framework; name = XCTest.framework; path = Library/Frameworks/XCTest.framework; sourceTree = DEVELOPER_DIR; };
		8E0D376A17FDF88F008122EC /* WikipediaChuckNorrisTests-Info.plist */ = {isa = PBXFileReference; lastKnownFileType = text.plist.xml; path = "WikipediaChuckNorrisTests-Info.plist"; sourceTree = "<group>"; };
		8E0D376C17FDF88F008122EC /* en */ = {isa = PBXFileReference; lastKnownFileType = text.plist.strings; name = en; path = en.lproj/InfoPlist.strings; sourceTree = "<group>"; };
		8E0D376E17FDF88F008122EC /* WikipediaChuckNorrisTests.m */ = {isa = PBXFileReference; lastKnownFileType = sourcecode.c.objc; path = WikipediaChuckNorrisTests.m; sourceTree = "<group>"; };
/* End PBXFileReference section */

/* Begin PBXFrameworksBuildPhase section */
		8E0D373D17FDF88E008122EC /* Frameworks */ = {
			isa = PBXFrameworksBuildPhase;
			buildActionMask = 2147483647;
			files = (
				8E0D374617FDF88E008122EC /* CoreGraphics.framework in Frameworks */,
				8E0D374817FDF88E008122EC /* UIKit.framework in Frameworks */,
				8E0D374417FDF88E008122EC /* Foundation.framework in Frameworks */,
			);
			runOnlyForDeploymentPostprocessing = 0;
		};
		8E0D375E17FDF88F008122EC /* Frameworks */ = {
			isa = PBXFrameworksBuildPhase;
			buildActionMask = 2147483647;
			files = (
				8E0D376317FDF88F008122EC /* XCTest.framework in Frameworks */,
				8E0D376517FDF88F008122EC /* UIKit.framework in Frameworks */,
				8E0D376417FDF88F008122EC /* Foundation.framework in Frameworks */,
			);
			runOnlyForDeploymentPostprocessing = 0;
		};
/* End PBXFrameworksBuildPhase section */

/* Begin PBXGroup section */
		8E0D373717FDF88E008122EC = {
			isa = PBXGroup;
			children = (
				8E0D374917FDF88E008122EC /* WikipediaChuckNorris */,
				8E0D376817FDF88F008122EC /* WikipediaChuckNorrisTests */,
				8E0D374217FDF88E008122EC /* Frameworks */,
				8E0D374117FDF88E008122EC /* Products */,
			);
			sourceTree = "<group>";
		};
		8E0D374117FDF88E008122EC /* Products */ = {
			isa = PBXGroup;
			children = (
				8E0D374017FDF88E008122EC /* WikipediaChuckNorris.app */,
				8E0D376117FDF88F008122EC /* WikipediaChuckNorrisTests.xctest */,
			);
			name = Products;
			sourceTree = "<group>";
		};
		8E0D374217FDF88E008122EC /* Frameworks */ = {
			isa = PBXGroup;
			children = (
				8E0D374317FDF88E008122EC /* Foundation.framework */,
				8E0D374517FDF88E008122EC /* CoreGraphics.framework */,
				8E0D374717FDF88E008122EC /* UIKit.framework */,
				8E0D376217FDF88F008122EC /* XCTest.framework */,
			);
			name = Frameworks;
			sourceTree = "<group>";
		};
		8E0D374917FDF88E008122EC /* WikipediaChuckNorris */ = {
			isa = PBXGroup;
			children = (
				8E0D375217FDF88F008122EC /* AppDelegate.h */,
				8E0D375317FDF88F008122EC /* AppDelegate.m */,
				8E0D375517FDF88F008122EC /* Main.storyboard */,
				8E0D375817FDF88F008122EC /* ViewController.h */,
				8E0D375917FDF88F008122EC /* ViewController.m */,
				8E0D375B17FDF88F008122EC /* Images.xcassets */,
				8E0D374A17FDF88F008122EC /* Supporting Files */,
			);
			path = WikipediaChuckNorris;
			sourceTree = "<group>";
		};
		8E0D374A17FDF88F008122EC /* Supporting Files */ = {
			isa = PBXGroup;
			children = (
				8E0D374B17FDF88F008122EC /* WikipediaChuckNorris-Info.plist */,
				8E0D374C17FDF88F008122EC /* InfoPlist.strings */,
				8E0D374F17FDF88F008122EC /* main.m */,
				8E0D375117FDF88F008122EC /* WikipediaChuckNorris-Prefix.pch */,
			);
			name = "Supporting Files";
			sourceTree = "<group>";
		};
		8E0D376817FDF88F008122EC /* WikipediaChuckNorrisTests */ = {
			isa = PBXGroup;
			children = (
				8E0D376E17FDF88F008122EC /* WikipediaChuckNorrisTests.m */,
				8E0D376917FDF88F008122EC /* Supporting Files */,
			);
			path = WikipediaChuckNorrisTests;
			sourceTree = "<group>";
		};
		8E0D376917FDF88F008122EC /* Supporting Files */ = {
			isa = PBXGroup;
			children = (
				8E0D376A17FDF88F008122EC /* WikipediaChuckNorrisTests-Info.plist */,
				8E0D376B17FDF88F008122EC /* InfoPlist.strings */,
			);
			name = "Supporting Files";
			sourceTree = "<group>";
		};
/* End PBXGroup section */

/* Begin PBXNativeTarget section */
		8E0D373F17FDF88E008122EC /* WikipediaChuckNorris */ = {
			isa = PBXNativeTarget;
			buildConfigurationList = 8E0D377217FDF88F008122EC /* Build configuration list for PBXNativeTarget "WikipediaChuckNorris" */;
			buildPhases = (
				8E0D373C17FDF88E008122EC /* Sources */,
				8E0D373D17FDF88E008122EC /* Frameworks */,
				8E0D373E17FDF88E008122EC /* Resources */,
			);
			buildRules = (
			);
			dependencies = (
			);
			name = WikipediaChuckNorris;
			productName = WikipediaChuckNorris;
			productReference = 8E0D374017FDF88E008122EC /* WikipediaChuckNorris.app */;
			productType = "com.apple.product-type.application";
		};
		8E0D376017FDF88F008122EC /* WikipediaChuckNorrisTests */ = {
			isa = PBXNativeTarget;
			buildConfigurationList = 8E0D377517FDF88F008122EC /* Build configuration list for PBXNativeTarget "WikipediaChuckNorrisTests" */;
			buildPhases = (
				8E0D375D17FDF88F008122EC /* Sources */,
				8E0D375E17FDF88F008122EC /* Frameworks */,
				8E0D375F17FDF88F008122EC /* Resources */,
			);
			buildRules = (
			);
			dependencies = (
				8E0D376717FDF88F008122EC /* PBXTargetDependency */,
			);
			name = WikipediaChuckNorrisTests;
			productName = WikipediaChuckNorrisTests;
			productReference = 8E0D376117FDF88F008122EC /* WikipediaChuckNorrisTests.xctest */;
			productType = "com.apple.product-type.bundle.unit-test";
		};
/* End PBXNativeTarget section */

/* Begin PBXProject section */
		8E0D373817FDF88E008122EC /* Project object */ = {
			isa = PBXProject;
			attributes = {
				LastUpgradeCheck = 0500;
				ORGANIZATIONNAME = "John Andrews";
				TargetAttributes = {
					8E0D376017FDF88F008122EC = {
						TestTargetID = 8E0D373F17FDF88E008122EC;
					};
				};
			};
			buildConfigurationList = 8E0D373B17FDF88E008122EC /* Build configuration list for PBXProject "WikipediaChuckNorris" */;
			compatibilityVersion = "Xcode 3.2";
			developmentRegion = English;
			hasScannedForEncodings = 0;
			knownRegions = (
				en,
				Base,
			);
			mainGroup = 8E0D373717FDF88E008122EC;
			productRefGroup = 8E0D374117FDF88E008122EC /* Products */;
			projectDirPath = "";
			projectRoot = "";
			targets = (
				8E0D373F17FDF88E008122EC /* WikipediaChuckNorris */,
				8E0D376017FDF88F008122EC /* WikipediaChuckNorrisTests */,
			);
		};
/* End PBXProject section */

/* Begin PBXResourcesBuildPhase section */
		8E0D373E17FDF88E008122EC /* Resources */ = {
			isa = PBXResourcesBuildPhase;
			buildActionMask = 2147483647;
			files = (
				8E0D375C17FDF88F008122EC /* Images.xcassets in Resources */,
				8E0D374E17FDF88F008122EC /* InfoPlist.strings in Resources */,
				8E0D375717FDF88F008122EC /* Main.storyboard in Resources */,
			);
			runOnlyForDeploymentPostprocessing = 0;
		};
		8E0D375F17FDF88F008122EC /* Resources */ = {
			isa = PBXResourcesBuildPhase;
			buildActionMask = 2147483647;
			files = (
				8E0D376D17FDF88F008122EC /* InfoPlist.strings in Resources */,
			);
			runOnlyForDeploymentPostprocessing = 0;
		};
/* End PBXResourcesBuildPhase section */

/* Begin PBXSourcesBuildPhase section */
		8E0D373C17FDF88E008122EC /* Sources */ = {
			isa = PBXSourcesBuildPhase;
			buildActionMask = 2147483647;
			files = (
				8E0D375A17FDF88F008122EC /* ViewController.m in Sources */,
				8E0D375417FDF88F008122EC /* AppDelegate.m in Sources */,
				8E0D375017FDF88F008122EC /* main.m in Sources */,
			);
			runOnlyForDeploymentPostprocessing = 0;
		};
		8E0D375D17FDF88F008122EC /* Sources */ = {
			isa = PBXSourcesBuildPhase;
			buildActionMask = 2147483647;
			files = (
				8E0D376F17FDF88F008122EC /* WikipediaChuckNorrisTests.m in Sources */,
			);
			runOnlyForDeploymentPostprocessing = 0;
		};
/* End PBXSourcesBuildPhase section */

/* Begin PBXTargetDependency section */
		8E0D376717FDF88F008122EC /* PBXTargetDependency */ = {
			isa = PBXTargetDependency;
			target = 8E0D373F17FDF88E008122EC /* WikipediaChuckNorris */;
			targetProxy = 8E0D376617FDF88F008122EC /* PBXContainerItemProxy */;
		};
/* End PBXTargetDependency section */

/* Begin PBXVariantGroup section */
		8E0D374C17FDF88F008122EC /* InfoPlist.strings */ = {
			isa = PBXVariantGroup;
			children = (
				8E0D374D17FDF88F008122EC /* en */,
			);
			name = InfoPlist.strings;
			sourceTree = "<group>";
		};
		8E0D375517FDF88F008122EC /* Main.storyboard */ = {
			isa = PBXVariantGroup;
			children = (
				8E0D375617FDF88F008122EC /* Base */,
			);
			name = Main.storyboard;
			sourceTree = "<group>";
		};
		8E0D376B17FDF88F008122EC /* InfoPlist.strings */ = {
			isa = PBXVariantGroup;
			children = (
				8E0D376C17FDF88F008122EC /* en */,
			);
			name = InfoPlist.strings;
			sourceTree = "<group>";
		};
/* End PBXVariantGroup section */

/* Begin XCBuildConfiguration section */
		8E0D377017FDF88F008122EC /* Debug */ = {
			isa = XCBuildConfiguration;
			buildSettings = {
				ALWAYS_SEARCH_USER_PATHS = NO;
				ARCHS = "$(ARCHS_STANDARD_INCLUDING_64_BIT)";
				CLANG_CXX_LANGUAGE_STANDARD = "gnu++0x";
				CLANG_CXX_LIBRARY = "libc++";
				CLANG_ENABLE_MODULES = YES;
				CLANG_ENABLE_OBJC_ARC = YES;
				CLANG_WARN_BOOL_CONVERSION = YES;
				CLANG_WARN_CONSTANT_CONVERSION = YES;
				CLANG_WARN_DIRECT_OBJC_ISA_USAGE = YES_ERROR;
				CLANG_WARN_EMPTY_BODY = YES;
				CLANG_WARN_ENUM_CONVERSION = YES;
				CLANG_WARN_INT_CONVERSION = YES;
				CLANG_WARN_OBJC_ROOT_CLASS = YES_ERROR;
				CLANG_WARN__DUPLICATE_METHOD_MATCH = YES;
				"CODE_SIGN_IDENTITY[sdk=iphoneos*]" = "iPhone Developer";
				COPY_PHASE_STRIP = NO;
				GCC_C_LANGUAGE_STANDARD = gnu99;
				GCC_DYNAMIC_NO_PIC = NO;
				GCC_OPTIMIZATION_LEVEL = 0;
				GCC_PREPROCESSOR_DEFINITIONS = (
					"DEBUG=1",
					"$(inherited)",
				);
				GCC_SYMBOLS_PRIVATE_EXTERN = NO;
				GCC_WARN_64_TO_32_BIT_CONVERSION = YES;
				GCC_WARN_ABOUT_RETURN_TYPE = YES_ERROR;
				GCC_WARN_UNDECLARED_SELECTOR = YES;
				GCC_WARN_UNINITIALIZED_AUTOS = YES;
				GCC_WARN_UNUSED_FUNCTION = YES;
				GCC_WARN_UNUSED_VARIABLE = YES;
				IPHONEOS_DEPLOYMENT_TARGET = 7.0;
				ONLY_ACTIVE_ARCH = YES;
				SDKROOT = iphoneos;
			};
			name = Debug;
		};
		8E0D377117FDF88F008122EC /* Release */ = {
			isa = XCBuildConfiguration;
			buildSettings = {
				ALWAYS_SEARCH_USER_PATHS = NO;
				ARCHS = "$(ARCHS_STANDARD_INCLUDING_64_BIT)";
				CLANG_CXX_LANGUAGE_STANDARD = "gnu++0x";
				CLANG_CXX_LIBRARY = "libc++";
				CLANG_ENABLE_MODULES = YES;
				CLANG_ENABLE_OBJC_ARC = YES;
				CLANG_WARN_BOOL_CONVERSION = YES;
				CLANG_WARN_CONSTANT_CONVERSION = YES;
				CLANG_WARN_DIRECT_OBJC_ISA_USAGE = YES_ERROR;
				CLANG_WARN_EMPTY_BODY = YES;
				CLANG_WARN_ENUM_CONVERSION = YES;
				CLANG_WARN_INT_CONVERSION = YES;
				CLANG_WARN_OBJC_ROOT_CLASS = YES_ERROR;
				CLANG_WARN__DUPLICATE_METHOD_MATCH = YES;
				"CODE_SIGN_IDENTITY[sdk=iphoneos*]" = "iPhone Developer";
				COPY_PHASE_STRIP = YES;
				ENABLE_NS_ASSERTIONS = NO;
				GCC_C_LANGUAGE_STANDARD = gnu99;
				GCC_WARN_64_TO_32_BIT_CONVERSION = YES;
				GCC_WARN_ABOUT_RETURN_TYPE = YES_ERROR;
				GCC_WARN_UNDECLARED_SELECTOR = YES;
				GCC_WARN_UNINITIALIZED_AUTOS = YES;
				GCC_WARN_UNUSED_FUNCTION = YES;
				GCC_WARN_UNUSED_VARIABLE = YES;
				IPHONEOS_DEPLOYMENT_TARGET = 7.0;
				SDKROOT = iphoneos;
				VALIDATE_PRODUCT = YES;
			};
			name = Release;
		};
		8E0D377317FDF88F008122EC /* Debug */ = {
			isa = XCBuildConfiguration;
			buildSettings = {
				ASSETCATALOG_COMPILER_APPICON_NAME = AppIcon;
				ASSETCATALOG_COMPILER_LAUNCHIMAGE_NAME = LaunchImage;
				GCC_PRECOMPILE_PREFIX_HEADER = YES;
				GCC_PREFIX_HEADER = "WikipediaChuckNorris/WikipediaChuckNorris-Prefix.pch";
				INFOPLIST_FILE = "WikipediaChuckNorris/WikipediaChuckNorris-Info.plist";
				PRODUCT_NAME = "$(TARGET_NAME)";
				WRAPPER_EXTENSION = app;
			};
			name = Debug;
		};
		8E0D377417FDF88F008122EC /* Release */ = {
			isa = XCBuildConfiguration;
			buildSettings = {
				ASSETCATALOG_COMPILER_APPICON_NAME = AppIcon;
				ASSETCATALOG_COMPILER_LAUNCHIMAGE_NAME = LaunchImage;
				GCC_PRECOMPILE_PREFIX_HEADER = YES;
				GCC_PREFIX_HEADER = "WikipediaChuckNorris/WikipediaChuckNorris-Prefix.pch";
				INFOPLIST_FILE = "WikipediaChuckNorris/WikipediaChuckNorris-Info.plist";
				PRODUCT_NAME = "$(TARGET_NAME)";
				WRAPPER_EXTENSION = app;
			};
			name = Release;
		};
		8E0D377617FDF88F008122EC /* Debug */ = {
			isa = XCBuildConfiguration;
			buildSettings = {
				ARCHS = "$(ARCHS_STANDARD_INCLUDING_64_BIT)";
				BUNDLE_LOADER = "$(BUILT_PRODUCTS_DIR)/WikipediaChuckNorris.app/WikipediaChuckNorris";
				FRAMEWORK_SEARCH_PATHS = (
					"$(SDKROOT)/Developer/Library/Frameworks",
					"$(inherited)",
					"$(DEVELOPER_FRAMEWORKS_DIR)",
				);
				GCC_PRECOMPILE_PREFIX_HEADER = YES;
				GCC_PREFIX_HEADER = "WikipediaChuckNorris/WikipediaChuckNorris-Prefix.pch";
				GCC_PREPROCESSOR_DEFINITIONS = (
					"DEBUG=1",
					"$(inherited)",
				);
				INFOPLIST_FILE = "WikipediaChuckNorrisTests/WikipediaChuckNorrisTests-Info.plist";
				PRODUCT_NAME = "$(TARGET_NAME)";
				TEST_HOST = "$(BUNDLE_LOADER)";
				WRAPPER_EXTENSION = xctest;
			};
			name = Debug;
		};
		8E0D377717FDF88F008122EC /* Release */ = {
			isa = XCBuildConfiguration;
			buildSettings = {
				ARCHS = "$(ARCHS_STANDARD_INCLUDING_64_BIT)";
				BUNDLE_LOADER = "$(BUILT_PRODUCTS_DIR)/WikipediaChuckNorris.app/WikipediaChuckNorris";
				FRAMEWORK_SEARCH_PATHS = (
					"$(SDKROOT)/Developer/Library/Frameworks",
					"$(inherited)",
					"$(DEVELOPER_FRAMEWORKS_DIR)",
				);
				GCC_PRECOMPILE_PREFIX_HEADER = YES;
				GCC_PREFIX_HEADER = "WikipediaChuckNorris/WikipediaChuckNorris-Prefix.pch";
				INFOPLIST_FILE = "WikipediaChuckNorrisTests/WikipediaChuckNorrisTests-Info.plist";
				PRODUCT_NAME = "$(TARGET_NAME)";
				TEST_HOST = "$(BUNDLE_LOADER)";
				WRAPPER_EXTENSION = xctest;
			};
			name = Release;
		};
/* End XCBuildConfiguration section */

/* Begin XCConfigurationList section */
		8E0D373B17FDF88E008122EC /* Build configuration list for PBXProject "WikipediaChuckNorris" */ = {
			isa = XCConfigurationList;
			buildConfigurations = (
				8E0D377017FDF88F008122EC /* Debug */,
				8E0D377117FDF88F008122EC /* Release */,
			);
			defaultConfigurationIsVisible = 0;
			defaultConfigurationName = Release;
		};
		8E0D377217FDF88F008122EC /* Build configuration list for PBXNativeTarget "WikipediaChuckNorris" */ = {
			isa = XCConfigurationList;
			buildConfigurations = (
				8E0D377317FDF88F008122EC /* Debug */,
				8E0D377417FDF88F008122EC /* Release */,
			);
			defaultConfigurationIsVisible = 0;
		};
		8E0D377517FDF88F008122EC /* Build configuration list for PBXNativeTarget "WikipediaChuckNorrisTests" */ = {
			isa = XCConfigurationList;
			buildConfigurations = (
				8E0D377617FDF88F008122EC /* Debug */,
				8E0D377717FDF88F008122EC /* Release */,
			);
			defaultConfigurationIsVisible = 0;
		};
/* End XCConfigurationList section */
	};
	rootObject = 8E0D373817FDF88E008122EC /* Project object */;
}
